{
  "name": "less-erratic",
  "version": "1.0.0",
  "lockfileVersion": 1,
  "requires": true,
  "dependencies": {
    "prettybnf": {
      "version": "0.1.3",
      "resolved": "https://registry.npmjs.org/prettybnf/-/prettybnf-0.1.3.tgz",
      "integrity": "sha1-9uA5o2+FYCC81ZINHkjN7rsvqgM="
    }
  }
}
